
Microsoft Visual Studio Solution File, Format Version 12.00
# Visual Studio Version 17
VisualStudioVersion = 17.14.36310.24 d17.14
MinimumVisualStudioVersion = 10.0.40219.1
Project("{FAE04EC0-301F-11D3-BF4B-00C04F79EFBC}") = "DelegateProgram", "DelegateProgram\DelegateProgram.csproj", "{C336059F-9085-4960-9920-42D18DDAF14C}"
EndProject
Global
	GlobalSection(SolutionConfigurationPlatforms) = preSolution
		Debug|Any CPU = Debug|Any CPU
		Release|Any CPU = Release|Any CPU
	EndGlobalSection
	GlobalSection(ProjectConfigurationPlatforms) = postSolution
		{C336059F-9085-4960-9920-42D18DDAF14C}.Debug|Any CPU.ActiveCfg = Debug|Any CPU
		{C336059F-9085-4960-9920-42D18DDAF14C}.Debug|Any CPU.Build.0 = Debug|Any CPU
		{C336059F-9085-4960-9920-42D18DDAF14C}.Release|Any CPU.ActiveCfg = Release|Any CPU
		{C336059F-9085-4960-9920-42D18DDAF14C}.Release|Any CPU.Build.0 = Release|Any CPU
	EndGlobalSection
	GlobalSection(SolutionProperties) = preSolution
		HideSolutionNode = FALSE
	EndGlobalSection
	GlobalSection(ExtensibilityGlobals) = postSolution
		SolutionGuid = {A5EFF0AE-2B2C-44BC-A809-E3A06E33D581}
	EndGlobalSection
EndGlobal
